
Microsoft Visual Studio Solution File, Format Version 12.00
# Visual Studio 14
VisualStudioVersion = 14.0.25420.1
MinimumVisualStudioVersion = 10.0.40219.1
Project("{FAE04EC0-301F-11D3-BF4B-00C04F79EFBC}") = "bnaApi.data", "bnaApi.data\bnaApi.data.csproj", "{F7CDB5D3-ED75-4640-8974-6B36926C91C3}"
EndProject
Project("{2150E333-8FDC-42A3-9474-1A3956D46DE8}") = "test", "test", "{7E444EBE-FABF-4974-9876-3CDDC8C0AE0C}"
EndProject
Project("{FAE04EC0-301F-11D3-BF4B-00C04F79EFBC}") = "bnaApi.service.test", "bnaApi.service.test\bnaApi.service.test.csproj", "{51631FC1-4744-4220-9F65-187F01641593}"
EndProject
Project("{FAE04EC0-301F-11D3-BF4B-00C04F79EFBC}") = "bnaApi.service", "bnaApi.service\bnaApi.service.csproj", "{88174CB1-441C-4813-BA81-CB71424631EF}"
EndProject
Project("{FAE04EC0-301F-11D3-BF4B-00C04F79EFBC}") = "bnaApi.service.common", "bnaApi.service.common\bnaApi.service.common.csproj", "{78A9FF39-B043-4DC0-AE9E-4C222799B159}"
EndProject
Global
	GlobalSection(SolutionConfigurationPlatforms) = preSolution
		Debug|Any CPU = Debug|Any CPU
		Release|Any CPU = Release|Any CPU
	EndGlobalSection
	GlobalSection(ProjectConfigurationPlatforms) = postSolution
		{F7CDB5D3-ED75-4640-8974-6B36926C91C3}.Debug|Any CPU.ActiveCfg = Debug|Any CPU
		{F7CDB5D3-ED75-4640-8974-6B36926C91C3}.Debug|Any CPU.Build.0 = Debug|Any CPU
		{F7CDB5D3-ED75-4640-8974-6B36926C91C3}.Release|Any CPU.ActiveCfg = Release|Any CPU
		{F7CDB5D3-ED75-4640-8974-6B36926C91C3}.Release|Any CPU.Build.0 = Release|Any CPU
		{51631FC1-4744-4220-9F65-187F01641593}.Debug|Any CPU.ActiveCfg = Debug|Any CPU
		{51631FC1-4744-4220-9F65-187F01641593}.Debug|Any CPU.Build.0 = Debug|Any CPU
		{51631FC1-4744-4220-9F65-187F01641593}.Release|Any CPU.ActiveCfg = Release|Any CPU
		{51631FC1-4744-4220-9F65-187F01641593}.Release|Any CPU.Build.0 = Release|Any CPU
		{88174CB1-441C-4813-BA81-CB71424631EF}.Debug|Any CPU.ActiveCfg = Debug|Any CPU
		{88174CB1-441C-4813-BA81-CB71424631EF}.Debug|Any CPU.Build.0 = Debug|Any CPU
		{88174CB1-441C-4813-BA81-CB71424631EF}.Release|Any CPU.ActiveCfg = Release|Any CPU
		{88174CB1-441C-4813-BA81-CB71424631EF}.Release|Any CPU.Build.0 = Release|Any CPU
		{78A9FF39-B043-4DC0-AE9E-4C222799B159}.Debug|Any CPU.ActiveCfg = Debug|Any CPU
		{78A9FF39-B043-4DC0-AE9E-4C222799B159}.Debug|Any CPU.Build.0 = Debug|Any CPU
		{78A9FF39-B043-4DC0-AE9E-4C222799B159}.Release|Any CPU.ActiveCfg = Release|Any CPU
		{78A9FF39-B043-4DC0-AE9E-4C222799B159}.Release|Any CPU.Build.0 = Release|Any CPU
	EndGlobalSection
	GlobalSection(SolutionProperties) = preSolution
		HideSolutionNode = FALSE
	EndGlobalSection
	GlobalSection(NestedProjects) = preSolution
		{51631FC1-4744-4220-9F65-187F01641593} = {7E444EBE-FABF-4974-9876-3CDDC8C0AE0C}
	EndGlobalSection
EndGlobal
